// !$*UTF8*$!
{
	archiveVersion = 1;
	classes = {
	};
	objectVersion = 55;
	objects = {

/* Begin PBXBuildFile section */
		9004B24627FF15A10000391D /* MapProvinceController.swift in Sources */ = {isa = PBXBuildFile; fileRef = 9004B24527FF15A10000391D /* MapProvinceController.swift */; };
		9004B248280029B40000391D /* ListofSongViewController.swift in Sources */ = {isa = PBXBuildFile; fileRef = 9004B247280029B40000391D /* ListofSongViewController.swift */; };
		9004B24A280043A10000391D /* MapIslandController.swift in Sources */ = {isa = PBXBuildFile; fileRef = 9004B249280043A10000391D /* MapIslandController.swift */; };
		9004B24C2800777D0000391D /* MoralStoryViewController.swift in Sources */ = {isa = PBXBuildFile; fileRef = 9004B24B2800777D0000391D /* MoralStoryViewController.swift */; };
		9004B24E28007B860000391D /* tokecang.mp3 in Resources */ = {isa = PBXBuildFile; fileRef = 9004B24D28007B860000391D /* tokecang.mp3 */; };
		909287B22802EF7900B62380 /* voiceover_tokecang.mp3 in Resources */ = {isa = PBXBuildFile; fileRef = 909287B12802EF7900B62380 /* voiceover_tokecang.mp3 */; };
		909287B42802F28600B62380 /* SplashViewController.swift in Sources */ = {isa = PBXBuildFile; fileRef = 909287B32802F28600B62380 /* SplashViewController.swift */; };
		909287BA280407CE00B62380 /* 4 Sec_Logo.MOV in Resources */ = {isa = PBXBuildFile; fileRef = 909287B9280407CE00B62380 /* 4 Sec_Logo.MOV */; };
		909287C228040B4E00B62380 /* tokecang_song.mp3 in Resources */ = {isa = PBXBuildFile; fileRef = 909287C128040B4E00B62380 /* tokecang_song.mp3 */; };
		909287C428040E9100B62380 /* playsong.gif in Resources */ = {isa = PBXBuildFile; fileRef = 909287C328040E9100B62380 /* playsong.gif */; };
		909287C628040FD200B62380 /* UIImage+Gif.swift in Sources */ = {isa = PBXBuildFile; fileRef = 909287C528040FD200B62380 /* UIImage+Gif.swift */; };
		909287C8280425FB00B62380 /* MoralQuestionViewController.swift in Sources */ = {isa = PBXBuildFile; fileRef = 909287C7280425FB00B62380 /* MoralQuestionViewController.swift */; };
		909B29FB27FD95E4002A4E1B /* HomePageControllerViewController.swift in Sources */ = {isa = PBXBuildFile; fileRef = 909B29FA27FD95E4002A4E1B /* HomePageControllerViewController.swift */; };
		909B29FD27FD9875002A4E1B /* SongDetailController.swift in Sources */ = {isa = PBXBuildFile; fileRef = 909B29FC27FD9875002A4E1B /* SongDetailController.swift */; };
		909B29FF27FDD9D5002A4E1B /* StoryBookControllerView.swift in Sources */ = {isa = PBXBuildFile; fileRef = 909B29FE27FDD9D5002A4E1B /* StoryBookControllerView.swift */; };
		909B2A0327FDF131002A4E1B /* StoryController.swift in Sources */ = {isa = PBXBuildFile; fileRef = 909B2A0227FDF130002A4E1B /* StoryController.swift */; };
		90F6C32927FC812600B55C3F /* AppDelegate.swift in Sources */ = {isa = PBXBuildFile; fileRef = 90F6C32827FC812600B55C3F /* AppDelegate.swift */; };
		90F6C32B27FC812600B55C3F /* SceneDelegate.swift in Sources */ = {isa = PBXBuildFile; fileRef = 90F6C32A27FC812600B55C3F /* SceneDelegate.swift */; };
		90F6C32D27FC812600B55C3F /* ViewController.swift in Sources */ = {isa = PBXBuildFile; fileRef = 90F6C32C27FC812600B55C3F /* ViewController.swift */; };
		90F6C33027FC812600B55C3F /* Main.storyboard in Resources */ = {isa = PBXBuildFile; fileRef = 90F6C32E27FC812600B55C3F /* Main.storyboard */; };
		90F6C33327FC812600B55C3F /* crescendo_mc1.xcdatamodeld in Sources */ = {isa = PBXBuildFile; fileRef = 90F6C33127FC812600B55C3F /* crescendo_mc1.xcdatamodeld */; };
		90F6C33527FC812700B55C3F /* Assets.xcassets in Resources */ = {isa = PBXBuildFile; fileRef = 90F6C33427FC812700B55C3F /* Assets.xcassets */; };
		90F6C33827FC812700B55C3F /* LaunchScreen.storyboard in Resources */ = {isa = PBXBuildFile; fileRef = 90F6C33627FC812700B55C3F /* LaunchScreen.storyboard */; };
		90F6C34327FC812700B55C3F /* crescendo_mc1Tests.swift in Sources */ = {isa = PBXBuildFile; fileRef = 90F6C34227FC812700B55C3F /* crescendo_mc1Tests.swift */; };
		90F6C34D27FC812700B55C3F /* crescendo_mc1UITests.swift in Sources */ = {isa = PBXBuildFile; fileRef = 90F6C34C27FC812700B55C3F /* crescendo_mc1UITests.swift */; };
		90F6C34F27FC812700B55C3F /* crescendo_mc1UITestsLaunchTests.swift in Sources */ = {isa = PBXBuildFile; fileRef = 90F6C34E27FC812700B55C3F /* crescendo_mc1UITestsLaunchTests.swift */; };
/* End PBXBuildFile section */

/* Begin PBXContainerItemProxy section */
		90F6C33F27FC812700B55C3F /* PBXContainerItemProxy */ = {
			isa = PBXContainerItemProxy;
			containerPortal = 90F6C31D27FC812600B55C3F /* Project object */;
			proxyType = 1;
			remoteGlobalIDString = 90F6C32427FC812600B55C3F;
			remoteInfo = crescendo_mc1;
		};
		90F6C34927FC812700B55C3F /* PBXContainerItemProxy */ = {
			isa = PBXContainerItemProxy;
			containerPortal = 90F6C31D27FC812600B55C3F /* Project object */;
			proxyType = 1;
			remoteGlobalIDString = 90F6C32427FC812600B55C3F;
			remoteInfo = crescendo_mc1;
		};
/* End PBXContainerItemProxy section */

/* Begin PBXFileReference section */
		9004B24527FF15A10000391D /* MapProvinceController.swift */ = {isa = PBXFileReference; lastKnownFileType = sourcecode.swift; path = MapProvinceController.swift; sourceTree = "<group>"; };
		9004B247280029B40000391D /* ListofSongViewController.swift */ = {isa = PBXFileReference; lastKnownFileType = sourcecode.swift; path = ListofSongViewController.swift; sourceTree = "<group>"; };
		9004B249280043A10000391D /* MapIslandController.swift */ = {isa = PBXFileReference; lastKnownFileType = sourcecode.swift; path = MapIslandController.swift; sourceTree = "<group>"; };
		9004B24B2800777D0000391D /* MoralStoryViewController.swift */ = {isa = PBXFileReference; lastKnownFileType = sourcecode.swift; path = MoralStoryViewController.swift; sourceTree = "<group>"; };
		9004B24D28007B860000391D /* tokecang.mp3 */ = {isa = PBXFileReference; lastKnownFileType = audio.mp3; path = tokecang.mp3; sourceTree = "<group>"; };
		909287B12802EF7900B62380 /* voiceover_tokecang.mp3 */ = {isa = PBXFileReference; lastKnownFileType = audio.mp3; path = voiceover_tokecang.mp3; sourceTree = "<group>"; };
		909287B32802F28600B62380 /* SplashViewController.swift */ = {isa = PBXFileReference; lastKnownFileType = sourcecode.swift; path = SplashViewController.swift; sourceTree = "<group>"; };
		909287B9280407CE00B62380 /* 4 Sec_Logo.MOV */ = {isa = PBXFileReference; lastKnownFileType = video.quicktime; path = "4 Sec_Logo.MOV"; sourceTree = "<group>"; };
		909287C128040B4E00B62380 /* tokecang_song.mp3 */ = {isa = PBXFileReference; lastKnownFileType = audio.mp3; path = tokecang_song.mp3; sourceTree = "<group>"; };
		909287C328040E9100B62380 /* playsong.gif */ = {isa = PBXFileReference; lastKnownFileType = image.gif; path = playsong.gif; sourceTree = "<group>"; };
		909287C528040FD200B62380 /* UIImage+Gif.swift */ = {isa = PBXFileReference; lastKnownFileType = sourcecode.swift; path = "UIImage+Gif.swift"; sourceTree = "<group>"; };
		909287C7280425FB00B62380 /* MoralQuestionViewController.swift */ = {isa = PBXFileReference; lastKnownFileType = sourcecode.swift; path = MoralQuestionViewController.swift; sourceTree = "<group>"; };
		909B29FA27FD95E4002A4E1B /* HomePageControllerViewController.swift */ = {isa = PBXFileReference; lastKnownFileType = sourcecode.swift; path = HomePageControllerViewController.swift; sourceTree = "<group>"; };
		909B29FC27FD9875002A4E1B /* SongDetailController.swift */ = {isa = PBXFileReference; lastKnownFileType = sourcecode.swift; path = SongDetailController.swift; sourceTree = "<group>"; };
		909B29FE27FDD9D5002A4E1B /* StoryBookControllerView.swift */ = {isa = PBXFileReference; lastKnownFileType = sourcecode.swift; path = StoryBookControllerView.swift; sourceTree = "<group>"; };
		909B2A0227FDF130002A4E1B /* StoryController.swift */ = {isa = PBXFileReference; lastKnownFileType = sourcecode.swift; path = StoryController.swift; sourceTree = "<group>"; };
		90F6C32527FC812600B55C3F /* crescendo_mc1.app */ = {isa = PBXFileReference; explicitFileType = wrapper.application; includeInIndex = 0; path = crescendo_mc1.app; sourceTree = BUILT_PRODUCTS_DIR; };
		90F6C32827FC812600B55C3F /* AppDelegate.swift */ = {isa = PBXFileReference; lastKnownFileType = sourcecode.swift; path = AppDelegate.swift; sourceTree = "<group>"; };
		90F6C32A27FC812600B55C3F /* SceneDelegate.swift */ = {isa = PBXFileReference; lastKnownFileType = sourcecode.swift; path = SceneDelegate.swift; sourceTree = "<group>"; };
		90F6C32C27FC812600B55C3F /* ViewController.swift */ = {isa = PBXFileReference; lastKnownFileType = sourcecode.swift; path = ViewController.swift; sourceTree = "<group>"; };
		90F6C32F27FC812600B55C3F /* Base */ = {isa = PBXFileReference; lastKnownFileType = file.storyboard; name = Base; path = Base.lproj/Main.storyboard; sourceTree = "<group>"; };
		90F6C33227FC812600B55C3F /* crescendo_mc1.xcdatamodel */ = {isa = PBXFileReference; lastKnownFileType = wrapper.xcdatamodel; path = crescendo_mc1.xcdatamodel; sourceTree = "<group>"; };
		90F6C33427FC812700B55C3F /* Assets.xcassets */ = {isa = PBXFileReference; lastKnownFileType = folder.assetcatalog; path = Assets.xcassets; sourceTree = "<group>"; };
		90F6C33727FC812700B55C3F /* Base */ = {isa = PBXFileReference; lastKnownFileType = file.storyboard; name = Base; path = Base.lproj/LaunchScreen.storyboard; sourceTree = "<group>"; };
		90F6C33927FC812700B55C3F /* Info.plist */ = {isa = PBXFileReference; lastKnownFileType = text.plist.xml; path = Info.plist; sourceTree = "<group>"; };
		90F6C33E27FC812700B55C3F /* crescendo_mc1Tests.xctest */ = {isa = PBXFileReference; explicitFileType = wrapper.cfbundle; includeInIndex = 0; path = crescendo_mc1Tests.xctest; sourceTree = BUILT_PRODUCTS_DIR; };
		90F6C34227FC812700B55C3F /* crescendo_mc1Tests.swift */ = {isa = PBXFileReference; lastKnownFileType = sourcecode.swift; path = crescendo_mc1Tests.swift; sourceTree = "<group>"; };
		90F6C34827FC812700B55C3F /* crescendo_mc1UITests.xctest */ = {isa = PBXFileReference; explicitFileType = wrapper.cfbundle; includeInIndex = 0; path = crescendo_mc1UITests.xctest; sourceTree = BUILT_PRODUCTS_DIR; };
		90F6C34C27FC812700B55C3F /* crescendo_mc1UITests.swift */ = {isa = PBXFileReference; lastKnownFileType = sourcecode.swift; path = crescendo_mc1UITests.swift; sourceTree = "<group>"; };
		90F6C34E27FC812700B55C3F /* crescendo_mc1UITestsLaunchTests.swift */ = {isa = PBXFileReference; lastKnownFileType = sourcecode.swift; path = crescendo_mc1UITestsLaunchTests.swift; sourceTree = "<group>"; };
/* End PBXFileReference section */

/* Begin PBXFrameworksBuildPhase section */
		90F6C32227FC812600B55C3F /* Frameworks */ = {
			isa = PBXFrameworksBuildPhase;
			buildActionMask = 2147483647;
			files = (
			);
			runOnlyForDeploymentPostprocessing = 0;
		};
		90F6C33B27FC812700B55C3F /* Frameworks */ = {
			isa = PBXFrameworksBuildPhase;
			buildActionMask = 2147483647;
			files = (
			);
			runOnlyForDeploymentPostprocessing = 0;
		};
		90F6C34527FC812700B55C3F /* Frameworks */ = {
			isa = PBXFrameworksBuildPhase;
			buildActionMask = 2147483647;
			files = (
			);
			runOnlyForDeploymentPostprocessing = 0;
		};
/* End PBXFrameworksBuildPhase section */

/* Begin PBXGroup section */
		90F6C31C27FC812600B55C3F = {
			isa = PBXGroup;
			children = (
				90F6C32727FC812600B55C3F /* crescendo_mc1 */,
				90F6C34127FC812700B55C3F /* crescendo_mc1Tests */,
				90F6C34B27FC812700B55C3F /* crescendo_mc1UITests */,
				90F6C32627FC812600B55C3F /* Products */,
			);
			sourceTree = "<group>";
		};
		90F6C32627FC812600B55C3F /* Products */ = {
			isa = PBXGroup;
			children = (
				90F6C32527FC812600B55C3F /* crescendo_mc1.app */,
				90F6C33E27FC812700B55C3F /* crescendo_mc1Tests.xctest */,
				90F6C34827FC812700B55C3F /* crescendo_mc1UITests.xctest */,
			);
			name = Products;
			sourceTree = "<group>";
		};
		90F6C32727FC812600B55C3F /* crescendo_mc1 */ = {
			isa = PBXGroup;
			children = (
				9004B24D28007B860000391D /* tokecang.mp3 */,
				909287C128040B4E00B62380 /* tokecang_song.mp3 */,
				909287C328040E9100B62380 /* playsong.gif */,
				909287B9280407CE00B62380 /* 4 Sec_Logo.MOV */,
				909287B12802EF7900B62380 /* voiceover_tokecang.mp3 */,
				9004B249280043A10000391D /* MapIslandController.swift */,
				9004B24527FF15A10000391D /* MapProvinceController.swift */,
				9004B247280029B40000391D /* ListofSongViewController.swift */,
				90F6C32827FC812600B55C3F /* AppDelegate.swift */,
				909B29FE27FDD9D5002A4E1B /* StoryBookControllerView.swift */,
				909287C7280425FB00B62380 /* MoralQuestionViewController.swift */,
				9004B24B2800777D0000391D /* MoralStoryViewController.swift */,
				909B2A0227FDF130002A4E1B /* StoryController.swift */,
				90F6C32A27FC812600B55C3F /* SceneDelegate.swift */,
				90F6C32C27FC812600B55C3F /* ViewController.swift */,
				909287C528040FD200B62380 /* UIImage+Gif.swift */,
				909287B32802F28600B62380 /* SplashViewController.swift */,
				909B29FA27FD95E4002A4E1B /* HomePageControllerViewController.swift */,
				909B29FC27FD9875002A4E1B /* SongDetailController.swift */,
				90F6C32E27FC812600B55C3F /* Main.storyboard */,
				90F6C33427FC812700B55C3F /* Assets.xcassets */,
				90F6C33627FC812700B55C3F /* LaunchScreen.storyboard */,
				90F6C33927FC812700B55C3F /* Info.plist */,
				90F6C33127FC812600B55C3F /* crescendo_mc1.xcdatamodeld */,
			);
			path = crescendo_mc1;
			sourceTree = "<group>";
		};
		90F6C34127FC812700B55C3F /* crescendo_mc1Tests */ = {
			isa = PBXGroup;
			children = (
				90F6C34227FC812700B55C3F /* crescendo_mc1Tests.swift */,
			);
			path = crescendo_mc1Tests;
			sourceTree = "<group>";
		};
		90F6C34B27FC812700B55C3F /* crescendo_mc1UITests */ = {
			isa = PBXGroup;
			children = (
				90F6C34C27FC812700B55C3F /* crescendo_mc1UITests.swift */,
				90F6C34E27FC812700B55C3F /* crescendo_mc1UITestsLaunchTests.swift */,
			);
			path = crescendo_mc1UITests;
			sourceTree = "<group>";
		};
/* End PBXGroup section */

/* Begin PBXNativeTarget section */
		90F6C32427FC812600B55C3F /* crescendo_mc1 */ = {
			isa = PBXNativeTarget;
			buildConfigurationList = 90F6C35227FC812700B55C3F /* Build configuration list for PBXNativeTarget "crescendo_mc1" */;
			buildPhases = (
				90F6C32127FC812600B55C3F /* Sources */,
				90F6C32227FC812600B55C3F /* Frameworks */,
				90F6C32327FC812600B55C3F /* Resources */,
			);
			buildRules = (
			);
			dependencies = (
			);
			name = crescendo_mc1;
			productName = crescendo_mc1;
			productReference = 90F6C32527FC812600B55C3F /* crescendo_mc1.app */;
			productType = "com.apple.product-type.application";
		};
		90F6C33D27FC812700B55C3F /* crescendo_mc1Tests */ = {
			isa = PBXNativeTarget;
			buildConfigurationList = 90F6C35527FC812700B55C3F /* Build configuration list for PBXNativeTarget "crescendo_mc1Tests" */;
			buildPhases = (
				90F6C33A27FC812700B55C3F /* Sources */,
				90F6C33B27FC812700B55C3F /* Frameworks */,
				90F6C33C27FC812700B55C3F /* Resources */,
			);
			buildRules = (
			);
			dependencies = (
				90F6C34027FC812700B55C3F /* PBXTargetDependency */,
			);
			name = crescendo_mc1Tests;
			productName = crescendo_mc1Tests;
			productReference = 90F6C33E27FC812700B55C3F /* crescendo_mc1Tests.xctest */;
			productType = "com.apple.product-type.bundle.unit-test";
		};
		90F6C34727FC812700B55C3F /* crescendo_mc1UITests */ = {
			isa = PBXNativeTarget;
			buildConfigurationList = 90F6C35827FC812700B55C3F /* Build configuration list for PBXNativeTarget "crescendo_mc1UITests" */;
			buildPhases = (
				90F6C34427FC812700B55C3F /* Sources */,
				90F6C34527FC812700B55C3F /* Frameworks */,
				90F6C34627FC812700B55C3F /* Resources */,
			);
			buildRules = (
			);
			dependencies = (
				90F6C34A27FC812700B55C3F /* PBXTargetDependency */,
			);
			name = crescendo_mc1UITests;
			productName = crescendo_mc1UITests;
			productReference = 90F6C34827FC812700B55C3F /* crescendo_mc1UITests.xctest */;
			productType = "com.apple.product-type.bundle.ui-testing";
		};
/* End PBXNativeTarget section */

/* Begin PBXProject section */
		90F6C31D27FC812600B55C3F /* Project object */ = {
			isa = PBXProject;
			attributes = {
				BuildIndependentTargetsInParallel = 1;
				LastSwiftUpdateCheck = 1320;
				LastUpgradeCheck = 1320;
				TargetAttributes = {
					90F6C32427FC812600B55C3F = {
						CreatedOnToolsVersion = 13.2.1;
					};
					90F6C33D27FC812700B55C3F = {
						CreatedOnToolsVersion = 13.2.1;
						TestTargetID = 90F6C32427FC812600B55C3F;
					};
					90F6C34727FC812700B55C3F = {
						CreatedOnToolsVersion = 13.2.1;
						TestTargetID = 90F6C32427FC812600B55C3F;
					};
				};
			};
			buildConfigurationList = 90F6C32027FC812600B55C3F /* Build configuration list for PBXProject "crescendo_mc1" */;
			compatibilityVersion = "Xcode 13.0";
			developmentRegion = en;
			hasScannedForEncodings = 0;
			knownRegions = (
				en,
				Base,
			);
			mainGroup = 90F6C31C27FC812600B55C3F;
			productRefGroup = 90F6C32627FC812600B55C3F /* Products */;
			projectDirPath = "";
			projectRoot = "";
			targets = (
				90F6C32427FC812600B55C3F /* crescendo_mc1 */,
				90F6C33D27FC812700B55C3F /* crescendo_mc1Tests */,
				90F6C34727FC812700B55C3F /* crescendo_mc1UITests */,
			);
		};
/* End PBXProject section */

/* Begin PBXResourcesBuildPhase section */
		90F6C32327FC812600B55C3F /* Resources */ = {
			isa = PBXResourcesBuildPhase;
			buildActionMask = 2147483647;
			files = (
				90F6C33827FC812700B55C3F /* LaunchScreen.storyboard in Resources */,
				909287C228040B4E00B62380 /* tokecang_song.mp3 in Resources */,
				90F6C33527FC812700B55C3F /* Assets.xcassets in Resources */,
				9004B24E28007B860000391D /* tokecang.mp3 in Resources */,
				909287BA280407CE00B62380 /* 4 Sec_Logo.MOV in Resources */,
				909287C428040E9100B62380 /* playsong.gif in Resources */,
				909287B22802EF7900B62380 /* voiceover_tokecang.mp3 in Resources */,
				90F6C33027FC812600B55C3F /* Main.storyboard in Resources */,
			);
			runOnlyForDeploymentPostprocessing = 0;
		};
		90F6C33C27FC812700B55C3F /* Resources */ = {
			isa = PBXResourcesBuildPhase;
			buildActionMask = 2147483647;
			files = (
			);
			runOnlyForDeploymentPostprocessing = 0;
		};
		90F6C34627FC812700B55C3F /* Resources */ = {
			isa = PBXResourcesBuildPhase;
			buildActionMask = 2147483647;
			files = (
			);
			runOnlyForDeploymentPostprocessing = 0;
		};
/* End PBXResourcesBuildPhase section */

/* Begin PBXSourcesBuildPhase section */
		90F6C32127FC812600B55C3F /* Sources */ = {
			isa = PBXSourcesBuildPhase;
			buildActionMask = 2147483647;
			files = (
				9004B24C2800777D0000391D /* MoralStoryViewController.swift in Sources */,
				9004B248280029B40000391D /* ListofSongViewController.swift in Sources */,
				909287C628040FD200B62380 /* UIImage+Gif.swift in Sources */,
				9004B24627FF15A10000391D /* MapProvinceController.swift in Sources */,
				90F6C33327FC812600B55C3F /* crescendo_mc1.xcdatamodeld in Sources */,
				90F6C32D27FC812600B55C3F /* ViewController.swift in Sources */,
				909B29FF27FDD9D5002A4E1B /* StoryBookControllerView.swift in Sources */,
				909287B42802F28600B62380 /* SplashViewController.swift in Sources */,
				909287C8280425FB00B62380 /* MoralQuestionViewController.swift in Sources */,
				90F6C32927FC812600B55C3F /* AppDelegate.swift in Sources */,
				909B2A0327FDF131002A4E1B /* StoryController.swift in Sources */,
				909B29FD27FD9875002A4E1B /* SongDetailController.swift in Sources */,
				90F6C32B27FC812600B55C3F /* SceneDelegate.swift in Sources */,
				909B29FB27FD95E4002A4E1B /* HomePageControllerViewController.swift in Sources */,
				9004B24A280043A10000391D /* MapIslandController.swift in Sources */,
			);
			runOnlyForDeploymentPostprocessing = 0;
		};
		90F6C33A27FC812700B55C3F /* Sources */ = {
			isa = PBXSourcesBuildPhase;
			buildActionMask = 2147483647;
			files = (
				90F6C34327FC812700B55C3F /* crescendo_mc1Tests.swift in Sources */,
			);
			runOnlyForDeploymentPostprocessing = 0;
		};
		90F6C34427FC812700B55C3F /* Sources */ = {
			isa = PBXSourcesBuildPhase;
			buildActionMask = 2147483647;
			files = (
				90F6C34D27FC812700B55C3F /* crescendo_mc1UITests.swift in Sources */,
				90F6C34F27FC812700B55C3F /* crescendo_mc1UITestsLaunchTests.swift in Sources */,
			);
			runOnlyForDeploymentPostprocessing = 0;
		};
/* End PBXSourcesBuildPhase section */

/* Begin PBXTargetDependency section */
		90F6C34027FC812700B55C3F /* PBXTargetDependency */ = {
			isa = PBXTargetDependency;
			target = 90F6C32427FC812600B55C3F /* crescendo_mc1 */;
			targetProxy = 90F6C33F27FC812700B55C3F /* PBXContainerItemProxy */;
		};
		90F6C34A27FC812700B55C3F /* PBXTargetDependency */ = {
			isa = PBXTargetDependency;
			target = 90F6C32427FC812600B55C3F /* crescendo_mc1 */;
			targetProxy = 90F6C34927FC812700B55C3F /* PBXContainerItemProxy */;
		};
/* End PBXTargetDependency section */

/* Begin PBXVariantGroup section */
		90F6C32E27FC812600B55C3F /* Main.storyboard */ = {
			isa = PBXVariantGroup;
			children = (
				90F6C32F27FC812600B55C3F /* Base */,
			);
			name = Main.storyboard;
			sourceTree = "<group>";
		};
		90F6C33627FC812700B55C3F /* LaunchScreen.storyboard */ = {
			isa = PBXVariantGroup;
			children = (
				90F6C33727FC812700B55C3F /* Base */,
			);
			name = LaunchScreen.storyboard;
			sourceTree = "<group>";
		};
/* End PBXVariantGroup section */

/* Begin XCBuildConfiguration section */
		90F6C35027FC812700B55C3F /* Debug */ = {
			isa = XCBuildConfiguration;
			buildSettings = {
				ALWAYS_SEARCH_USER_PATHS = NO;
				CLANG_ANALYZER_NONNULL = YES;
				CLANG_ANALYZER_NUMBER_OBJECT_CONVERSION = YES_AGGRESSIVE;
				CLANG_CXX_LANGUAGE_STANDARD = "gnu++17";
				CLANG_CXX_LIBRARY = "libc++";
				CLANG_ENABLE_MODULES = YES;
				CLANG_ENABLE_OBJC_ARC = YES;
				CLANG_ENABLE_OBJC_WEAK = YES;
				CLANG_WARN_BLOCK_CAPTURE_AUTORELEASING = YES;
				CLANG_WARN_BOOL_CONVERSION = YES;
				CLANG_WARN_COMMA = YES;
				CLANG_WARN_CONSTANT_CONVERSION = YES;
				CLANG_WARN_DEPRECATED_OBJC_IMPLEMENTATIONS = YES;
				CLANG_WARN_DIRECT_OBJC_ISA_USAGE = YES_ERROR;
				CLANG_WARN_DOCUMENTATION_COMMENTS = YES;
				CLANG_WARN_EMPTY_BODY = YES;
				CLANG_WARN_ENUM_CONVERSION = YES;
				CLANG_WARN_INFINITE_RECURSION = YES;
				CLANG_WARN_INT_CONVERSION = YES;
				CLANG_WARN_NON_LITERAL_NULL_CONVERSION = YES;
				CLANG_WARN_OBJC_IMPLICIT_RETAIN_SELF = YES;
				CLANG_WARN_OBJC_LITERAL_CONVERSION = YES;
				CLANG_WARN_OBJC_ROOT_CLASS = YES_ERROR;
				CLANG_WARN_QUOTED_INCLUDE_IN_FRAMEWORK_HEADER = YES;
				CLANG_WARN_RANGE_LOOP_ANALYSIS = YES;
				CLANG_WARN_STRICT_PROTOTYPES = YES;
				CLANG_WARN_SUSPICIOUS_MOVE = YES;
				CLANG_WARN_UNGUARDED_AVAILABILITY = YES_AGGRESSIVE;
				CLANG_WARN_UNREACHABLE_CODE = YES;
				CLANG_WARN__DUPLICATE_METHOD_MATCH = YES;
				COPY_PHASE_STRIP = NO;
				DEBUG_INFORMATION_FORMAT = dwarf;
				ENABLE_STRICT_OBJC_MSGSEND = YES;
				ENABLE_TESTABILITY = YES;
				GCC_C_LANGUAGE_STANDARD = gnu11;
				GCC_DYNAMIC_NO_PIC = NO;
				GCC_NO_COMMON_BLOCKS = YES;
				GCC_OPTIMIZATION_LEVEL = 0;
				GCC_PREPROCESSOR_DEFINITIONS = (
					"DEBUG=1",
					"$(inherited)",
				);
				GCC_WARN_64_TO_32_BIT_CONVERSION = YES;
				GCC_WARN_ABOUT_RETURN_TYPE = YES_ERROR;
				GCC_WARN_UNDECLARED_SELECTOR = YES;
				GCC_WARN_UNINITIALIZED_AUTOS = YES_AGGRESSIVE;
				GCC_WARN_UNUSED_FUNCTION = YES;
				GCC_WARN_UNUSED_VARIABLE = YES;
				IPHONEOS_DEPLOYMENT_TARGET = 15.2;
				MTL_ENABLE_DEBUG_INFO = INCLUDE_SOURCE;
				MTL_FAST_MATH = YES;
				ONLY_ACTIVE_ARCH = YES;
				SDKROOT = iphoneos;
				SWIFT_ACTIVE_COMPILATION_CONDITIONS = DEBUG;
				SWIFT_OPTIMIZATION_LEVEL = "-Onone";
			};
			name = Debug;
		};
		90F6C35127FC812700B55C3F /* Release */ = {
			isa = XCBuildConfiguration;
			buildSettings = {
				ALWAYS_SEARCH_USER_PATHS = NO;
				CLANG_ANALYZER_NONNULL = YES;
				CLANG_ANALYZER_NUMBER_OBJECT_CONVERSION = YES_AGGRESSIVE;
				CLANG_CXX_LANGUAGE_STANDARD = "gnu++17";
				CLANG_CXX_LIBRARY = "libc++";
				CLANG_ENABLE_MODULES = YES;
				CLANG_ENABLE_OBJC_ARC = YES;
				CLANG_ENABLE_OBJC_WEAK = YES;
				CLANG_WARN_BLOCK_CAPTURE_AUTORELEASING = YES;
				CLANG_WARN_BOOL_CONVERSION = YES;
				CLANG_WARN_COMMA = YES;
				CLANG_WARN_CONSTANT_CONVERSION = YES;
				CLANG_WARN_DEPRECATED_OBJC_IMPLEMENTATIONS = YES;
				CLANG_WARN_DIRECT_OBJC_ISA_USAGE = YES_ERROR;
				CLANG_WARN_DOCUMENTATION_COMMENTS = YES;
				CLANG_WARN_EMPTY_BODY = YES;
				CLANG_WARN_ENUM_CONVERSION = YES;
				CLANG_WARN_INFINITE_RECURSION = YES;
				CLANG_WARN_INT_CONVERSION = YES;
				CLANG_WARN_NON_LITERAL_NULL_CONVERSION = YES;
				CLANG_WARN_OBJC_IMPLICIT_RETAIN_SELF = YES;
				CLANG_WARN_OBJC_LITERAL_CONVERSION = YES;
				CLANG_WARN_OBJC_ROOT_CLASS = YES_ERROR;
				CLANG_WARN_QUOTED_INCLUDE_IN_FRAMEWORK_HEADER = YES;
				CLANG_WARN_RANGE_LOOP_ANALYSIS = YES;
				CLANG_WARN_STRICT_PROTOTYPES = YES;
				CLANG_WARN_SUSPICIOUS_MOVE = YES;
				CLANG_WARN_UNGUARDED_AVAILABILITY = YES_AGGRESSIVE;
				CLANG_WARN_UNREACHABLE_CODE = YES;
				CLANG_WARN__DUPLICATE_METHOD_MATCH = YES;
				COPY_PHASE_STRIP = NO;
				DEBUG_INFORMATION_FORMAT = "dwarf-with-dsym";
				ENABLE_NS_ASSERTIONS = NO;
				ENABLE_STRICT_OBJC_MSGSEND = YES;
				GCC_C_LANGUAGE_STANDARD = gnu11;
				GCC_NO_COMMON_BLOCKS = YES;
				GCC_WARN_64_TO_32_BIT_CONVERSION = YES;
				GCC_WARN_ABOUT_RETURN_TYPE = YES_ERROR;
				GCC_WARN_UNDECLARED_SELECTOR = YES;
				GCC_WARN_UNINITIALIZED_AUTOS = YES_AGGRESSIVE;
				GCC_WARN_UNUSED_FUNCTION = YES;
				GCC_WARN_UNUSED_VARIABLE = YES;
				IPHONEOS_DEPLOYMENT_TARGET = 15.2;
				MTL_ENABLE_DEBUG_INFO = NO;
				MTL_FAST_MATH = YES;
				SDKROOT = iphoneos;
				SWIFT_COMPILATION_MODE = wholemodule;
				SWIFT_OPTIMIZATION_LEVEL = "-O";
				VALIDATE_PRODUCT = YES;
			};
			name = Release;
		};
		90F6C35327FC812700B55C3F /* Debug */ = {
			isa = XCBuildConfiguration;
			buildSettings = {
				ASSETCATALOG_COMPILER_APPICON_NAME = AppIcon;
				ASSETCATALOG_COMPILER_GLOBAL_ACCENT_COLOR_NAME = AccentColor;
				CODE_SIGN_STYLE = Automatic;
				CURRENT_PROJECT_VERSION = 1;
				DEVELOPMENT_TEAM = SPWBLKD667;
				GENERATE_INFOPLIST_FILE = YES;
				INFOPLIST_FILE = crescendo_mc1/Info.plist;
				INFOPLIST_KEY_UIApplicationSupportsIndirectInputEvents = YES;
				INFOPLIST_KEY_UILaunchStoryboardName = LaunchScreen;
				INFOPLIST_KEY_UIMainStoryboardFile = Main;
				INFOPLIST_KEY_UISupportedInterfaceOrientations_iPad = "UIInterfaceOrientationPortrait UIInterfaceOrientationPortraitUpsideDown UIInterfaceOrientationLandscapeLeft UIInterfaceOrientationLandscapeRight";
				INFOPLIST_KEY_UISupportedInterfaceOrientations_iPhone = "UIInterfaceOrientationPortrait UIInterfaceOrientationLandscapeLeft UIInterfaceOrientationLandscapeRight";
				LD_RUNPATH_SEARCH_PATHS = (
					"$(inherited)",
					"@executable_path/Frameworks",
				);
				MARKETING_VERSION = 1.0;
				PRODUCT_BUNDLE_IDENTIFIER = "com.AppleDeveloperAcademyBinus.crescendo-mc1";
				PRODUCT_NAME = "$(TARGET_NAME)";
				SWIFT_EMIT_LOC_STRINGS = YES;
				SWIFT_VERSION = 5.0;
				TARGETED_DEVICE_FAMILY = "1,2";
			};
			name = Debug;
		};
		90F6C35427FC812700B55C3F /* Release */ = {
			isa = XCBuildConfiguration;
			buildSettings = {
				ASSETCATALOG_COMPILER_APPICON_NAME = AppIcon;
				ASSETCATALOG_COMPILER_GLOBAL_ACCENT_COLOR_NAME = AccentColor;
				CODE_SIGN_STYLE = Automatic;
				CURRENT_PROJECT_VERSION = 1;
				DEVELOPMENT_TEAM = SPWBLKD667;
				GENERATE_INFOPLIST_FILE = YES;
				INFOPLIST_FILE = crescendo_mc1/Info.plist;
				INFOPLIST_KEY_UIApplicationSupportsIndirectInputEvents = YES;
				INFOPLIST_KEY_UILaunchStoryboardName = LaunchScreen;
				INFOPLIST_KEY_UIMainStoryboardFile = Main;
				INFOPLIST_KEY_UISupportedInterfaceOrientations_iPad = "UIInterfaceOrientationPortrait UIInterfaceOrientationPortraitUpsideDown UIInterfaceOrientationLandscapeLeft UIInterfaceOrientationLandscapeRight";
				INFOPLIST_KEY_UISupportedInterfaceOrientations_iPhone = "UIInterfaceOrientationPortrait UIInterfaceOrientationLandscapeLeft UIInterfaceOrientationLandscapeRight";
				LD_RUNPATH_SEARCH_PATHS = (
					"$(inherited)",
					"@executable_path/Frameworks",
				);
				MARKETING_VERSION = 1.0;
				PRODUCT_BUNDLE_IDENTIFIER = "com.AppleDeveloperAcademyBinus.crescendo-mc1";
				PRODUCT_NAME = "$(TARGET_NAME)";
				SWIFT_EMIT_LOC_STRINGS = YES;
				SWIFT_VERSION = 5.0;
				TARGETED_DEVICE_FAMILY = "1,2";
			};
			name = Release;
		};
		90F6C35627FC812700B55C3F /* Debug */ = {
			isa = XCBuildConfiguration;
			buildSettings = {
				ALWAYS_EMBED_SWIFT_STANDARD_LIBRARIES = YES;
				BUNDLE_LOADER = "$(TEST_HOST)";
				CODE_SIGN_STYLE = Automatic;
				CURRENT_PROJECT_VERSION = 1;
				DEVELOPMENT_TEAM = SPWBLKD667;
				GENERATE_INFOPLIST_FILE = YES;
				IPHONEOS_DEPLOYMENT_TARGET = 15.2;
				MARKETING_VERSION = 1.0;
				PRODUCT_BUNDLE_IDENTIFIER = "com.AppleDeveloperAcademyBinus.crescendo-mc1Tests";
				PRODUCT_NAME = "$(TARGET_NAME)";
				SWIFT_EMIT_LOC_STRINGS = NO;
				SWIFT_VERSION = 5.0;
				TARGETED_DEVICE_FAMILY = "1,2";
				TEST_HOST = "$(BUILT_PRODUCTS_DIR)/crescendo_mc1.app/crescendo_mc1";
			};
			name = Debug;
		};
		90F6C35727FC812700B55C3F /* Release */ = {
			isa = XCBuildConfiguration;
			buildSettings = {
				ALWAYS_EMBED_SWIFT_STANDARD_LIBRARIES = YES;
				BUNDLE_LOADER = "$(TEST_HOST)";
				CODE_SIGN_STYLE = Automatic;
				CURRENT_PROJECT_VERSION = 1;
				DEVELOPMENT_TEAM = SPWBLKD667;
				GENERATE_INFOPLIST_FILE = YES;
				IPHONEOS_DEPLOYMENT_TARGET = 15.2;
				MARKETING_VERSION = 1.0;
				PRODUCT_BUNDLE_IDENTIFIER = "com.AppleDeveloperAcademyBinus.crescendo-mc1Tests";
				PRODUCT_NAME = "$(TARGET_NAME)";
				SWIFT_EMIT_LOC_STRINGS = NO;
				SWIFT_VERSION = 5.0;
				TARGETED_DEVICE_FAMILY = "1,2";
				TEST_HOST = "$(BUILT_PRODUCTS_DIR)/crescendo_mc1.app/crescendo_mc1";
			};
			name = Release;
		};
		90F6C35927FC812700B55C3F /* Debug */ = {
			isa = XCBuildConfiguration;
			buildSettings = {
				ALWAYS_EMBED_SWIFT_STANDARD_LIBRARIES = YES;
				CODE_SIGN_STYLE = Automatic;
				CURRENT_PROJECT_VERSION = 1;
				DEVELOPMENT_TEAM = SPWBLKD667;
				GENERATE_INFOPLIST_FILE = YES;
				MARKETING_VERSION = 1.0;
				PRODUCT_BUNDLE_IDENTIFIER = "com.AppleDeveloperAcademyBinus.crescendo-mc1UITests";
				PRODUCT_NAME = "$(TARGET_NAME)";
				SWIFT_EMIT_LOC_STRINGS = NO;
				SWIFT_VERSION = 5.0;
				TARGETED_DEVICE_FAMILY = "1,2";
				TEST_TARGET_NAME = crescendo_mc1;
			};
			name = Debug;
		};
		90F6C35A27FC812700B55C3F /* Release */ = {
			isa = XCBuildConfiguration;
			buildSettings = {
				ALWAYS_EMBED_SWIFT_STANDARD_LIBRARIES = YES;
				CODE_SIGN_STYLE = Automatic;
				CURRENT_PROJECT_VERSION = 1;
				DEVELOPMENT_TEAM = SPWBLKD667;
				GENERATE_INFOPLIST_FILE = YES;
				MARKETING_VERSION = 1.0;
				PRODUCT_BUNDLE_IDENTIFIER = "com.AppleDeveloperAcademyBinus.crescendo-mc1UITests";
				PRODUCT_NAME = "$(TARGET_NAME)";
				SWIFT_EMIT_LOC_STRINGS = NO;
				SWIFT_VERSION = 5.0;
				TARGETED_DEVICE_FAMILY = "1,2";
				TEST_TARGET_NAME = crescendo_mc1;
			};
			name = Release;
		};
/* End XCBuildConfiguration section */

/* Begin XCConfigurationList section */
		90F6C32027FC812600B55C3F /* Build configuration list for PBXProject "crescendo_mc1" */ = {
			isa = XCConfigurationList;
			buildConfigurations = (
				90F6C35027FC812700B55C3F /* Debug */,
				90F6C35127FC812700B55C3F /* Release */,
			);
			defaultConfigurationIsVisible = 0;
			defaultConfigurationName = Release;
		};
		90F6C35227FC812700B55C3F /* Build configuration list for PBXNativeTarget "crescendo_mc1" */ = {
			isa = XCConfigurationList;
			buildConfigurations = (
				90F6C35327FC812700B55C3F /* Debug */,
				90F6C35427FC812700B55C3F /* Release */,
			);
			defaultConfigurationIsVisible = 0;
			defaultConfigurationName = Release;
		};
		90F6C35527FC812700B55C3F /* Build configuration list for PBXNativeTarget "crescendo_mc1Tests" */ = {
			isa = XCConfigurationList;
			buildConfigurations = (
				90F6C35627FC812700B55C3F /* Debug */,
				90F6C35727FC812700B55C3F /* Release */,
			);
			defaultConfigurationIsVisible = 0;
			defaultConfigurationName = Release;
		};
		90F6C35827FC812700B55C3F /* Build configuration list for PBXNativeTarget "crescendo_mc1UITests" */ = {
			isa = XCConfigurationList;
			buildConfigurations = (
				90F6C35927FC812700B55C3F /* Debug */,
				90F6C35A27FC812700B55C3F /* Release */,
			);
			defaultConfigurationIsVisible = 0;
			defaultConfigurationName = Release;
		};
/* End XCConfigurationList section */

/* Begin XCVersionGroup section */
		90F6C33127FC812600B55C3F /* crescendo_mc1.xcdatamodeld */ = {
			isa = XCVersionGroup;
			children = (
				90F6C33227FC812600B55C3F /* crescendo_mc1.xcdatamodel */,
			);
			currentVersion = 90F6C33227FC812600B55C3F /* crescendo_mc1.xcdatamodel */;
			path = crescendo_mc1.xcdatamodeld;
			sourceTree = "<group>";
			versionGroupType = wrapper.xcdatamodel;
		};
/* End XCVersionGroup section */
	};
	rootObject = 90F6C31D27FC812600B55C3F /* Project object */;
}
